// !$*UTF8*$!
{
	archiveVersion = 1;
	classes = {
	};
	objectVersion = 50;
	objects = {

/* Begin PBXBuildFile section */
		A9C045A120F4FD9A00F2D3F0 /* AppDelegate.m in Sources */ = {isa = PBXBuildFile; fileRef = A9C045A020F4FD9A00F2D3F0 /* AppDelegate.m */; };
		A9C045A720F4FD9A00F2D3F0 /* Main.storyboard in Resources */ = {isa = PBXBuildFile; fileRef = A9C045A520F4FD9A00F2D3F0 /* Main.storyboard */; };
		A9C045A920F4FD9B00F2D3F0 /* Assets.xcassets in Resources */ = {isa = PBXBuildFile; fileRef = A9C045A820F4FD9B00F2D3F0 /* Assets.xcassets */; };
		A9C045AC20F4FD9B00F2D3F0 /* LaunchScreen.storyboard in Resources */ = {isa = PBXBuildFile; fileRef = A9C045AA20F4FD9B00F2D3F0 /* LaunchScreen.storyboard */; };
		A9C045AF20F4FD9B00F2D3F0 /* main.m in Sources */ = {isa = PBXBuildFile; fileRef = A9C045AE20F4FD9B00F2D3F0 /* main.m */; };
		A9C045B720F4FE4900F2D3F0 /* TPBaseNavigationViewController.m in Sources */ = {isa = PBXBuildFile; fileRef = A9C045B620F4FE4900F2D3F0 /* TPBaseNavigationViewController.m */; };
		A9C045BA20F5128900F2D3F0 /* TPRecordSceneViewController.m in Sources */ = {isa = PBXBuildFile; fileRef = A9C045B920F5128900F2D3F0 /* TPRecordSceneViewController.m */; };
		A9C045BD20F5145200F2D3F0 /* TPReviewVideoViewController.m in Sources */ = {isa = PBXBuildFile; fileRef = A9C045BC20F5145200F2D3F0 /* TPReviewVideoViewController.m */; };
		F569FA24797CE53DCC1636B7 /* libPods-ThreePigsProto.a in Frameworks */ = {isa = PBXBuildFile; fileRef = 79823DDD665917F0347A5861 /* libPods-ThreePigsProto.a */; };
/* End PBXBuildFile section */

/* Begin PBXFileReference section */
		73B058F8924B2C9CEA9CF87C /* Pods-ThreePigsProto.release.xcconfig */ = {isa = PBXFileReference; includeInIndex = 1; lastKnownFileType = text.xcconfig; name = "Pods-ThreePigsProto.release.xcconfig"; path = "Pods/Target Support Files/Pods-ThreePigsProto/Pods-ThreePigsProto.release.xcconfig"; sourceTree = "<group>"; };
		79823DDD665917F0347A5861 /* libPods-ThreePigsProto.a */ = {isa = PBXFileReference; explicitFileType = archive.ar; includeInIndex = 0; path = "libPods-ThreePigsProto.a"; sourceTree = BUILT_PRODUCTS_DIR; };
		8E41D83B499D729A3DDB0555 /* Pods-ThreePigsProto.debug.xcconfig */ = {isa = PBXFileReference; includeInIndex = 1; lastKnownFileType = text.xcconfig; name = "Pods-ThreePigsProto.debug.xcconfig"; path = "Pods/Target Support Files/Pods-ThreePigsProto/Pods-ThreePigsProto.debug.xcconfig"; sourceTree = "<group>"; };
		A9C0459C20F4FD9A00F2D3F0 /* ThreePigsProto.app */ = {isa = PBXFileReference; explicitFileType = wrapper.application; includeInIndex = 0; path = ThreePigsProto.app; sourceTree = BUILT_PRODUCTS_DIR; };
		A9C0459F20F4FD9A00F2D3F0 /* AppDelegate.h */ = {isa = PBXFileReference; lastKnownFileType = sourcecode.c.h; path = AppDelegate.h; sourceTree = "<group>"; };
		A9C045A020F4FD9A00F2D3F0 /* AppDelegate.m */ = {isa = PBXFileReference; lastKnownFileType = sourcecode.c.objc; path = AppDelegate.m; sourceTree = "<group>"; };
		A9C045A620F4FD9A00F2D3F0 /* Base */ = {isa = PBXFileReference; lastKnownFileType = file.storyboard; name = Base; path = Base.lproj/Main.storyboard; sourceTree = "<group>"; };
		A9C045A820F4FD9B00F2D3F0 /* Assets.xcassets */ = {isa = PBXFileReference; lastKnownFileType = folder.assetcatalog; path = Assets.xcassets; sourceTree = "<group>"; };
		A9C045AB20F4FD9B00F2D3F0 /* Base */ = {isa = PBXFileReference; lastKnownFileType = file.storyboard; name = Base; path = Base.lproj/LaunchScreen.storyboard; sourceTree = "<group>"; };
		A9C045AD20F4FD9B00F2D3F0 /* Info.plist */ = {isa = PBXFileReference; lastKnownFileType = text.plist.xml; path = Info.plist; sourceTree = "<group>"; };
		A9C045AE20F4FD9B00F2D3F0 /* main.m */ = {isa = PBXFileReference; lastKnownFileType = sourcecode.c.objc; path = main.m; sourceTree = "<group>"; };
		A9C045B520F4FE4900F2D3F0 /* TPBaseNavigationViewController.h */ = {isa = PBXFileReference; lastKnownFileType = sourcecode.c.h; name = TPBaseNavigationViewController.h; path = "View Controllers/TPBaseNavigationViewController.h"; sourceTree = "<group>"; };
		A9C045B620F4FE4900F2D3F0 /* TPBaseNavigationViewController.m */ = {isa = PBXFileReference; lastKnownFileType = sourcecode.c.objc; name = TPBaseNavigationViewController.m; path = "View Controllers/TPBaseNavigationViewController.m"; sourceTree = "<group>"; };
		A9C045B820F5128900F2D3F0 /* TPRecordSceneViewController.h */ = {isa = PBXFileReference; lastKnownFileType = sourcecode.c.h; path = TPRecordSceneViewController.h; sourceTree = "<group>"; };
		A9C045B920F5128900F2D3F0 /* TPRecordSceneViewController.m */ = {isa = PBXFileReference; lastKnownFileType = sourcecode.c.objc; path = TPRecordSceneViewController.m; sourceTree = "<group>"; };
		A9C045BB20F5145200F2D3F0 /* TPReviewVideoViewController.h */ = {isa = PBXFileReference; lastKnownFileType = sourcecode.c.h; name = TPReviewVideoViewController.h; path = "View Controllers/TPReviewVideoViewController.h"; sourceTree = "<group>"; };
		A9C045BC20F5145200F2D3F0 /* TPReviewVideoViewController.m */ = {isa = PBXFileReference; lastKnownFileType = sourcecode.c.objc; name = TPReviewVideoViewController.m; path = "View Controllers/TPReviewVideoViewController.m"; sourceTree = "<group>"; };
/* End PBXFileReference section */

/* Begin PBXFrameworksBuildPhase section */
		A9C0459920F4FD9900F2D3F0 /* Frameworks */ = {
			isa = PBXFrameworksBuildPhase;
			buildActionMask = 2147483647;
			files = (
				F569FA24797CE53DCC1636B7 /* libPods-ThreePigsProto.a in Frameworks */,
			);
			runOnlyForDeploymentPostprocessing = 0;
		};
/* End PBXFrameworksBuildPhase section */

/* Begin PBXGroup section */
		119F6E38C9CFF765229B2ABE /* Pods */ = {
			isa = PBXGroup;
			children = (
				8E41D83B499D729A3DDB0555 /* Pods-ThreePigsProto.debug.xcconfig */,
				73B058F8924B2C9CEA9CF87C /* Pods-ThreePigsProto.release.xcconfig */,
			);
			name = Pods;
			sourceTree = "<group>";
		};
		7EBDC2D06971981695FE4416 /* Frameworks */ = {
			isa = PBXGroup;
			children = (
				79823DDD665917F0347A5861 /* libPods-ThreePigsProto.a */,
			);
			name = Frameworks;
			sourceTree = "<group>";
		};
		A9C0459320F4FD9900F2D3F0 = {
			isa = PBXGroup;
			children = (
				A9C0459E20F4FD9A00F2D3F0 /* ThreePigsProto */,
				A9C0459D20F4FD9A00F2D3F0 /* Products */,
				119F6E38C9CFF765229B2ABE /* Pods */,
				7EBDC2D06971981695FE4416 /* Frameworks */,
			);
			sourceTree = "<group>";
		};
		A9C0459D20F4FD9A00F2D3F0 /* Products */ = {
			isa = PBXGroup;
			children = (
				A9C0459C20F4FD9A00F2D3F0 /* ThreePigsProto.app */,
			);
			name = Products;
			sourceTree = "<group>";
		};
		A9C0459E20F4FD9A00F2D3F0 /* ThreePigsProto */ = {
			isa = PBXGroup;
			children = (
				A9C0459F20F4FD9A00F2D3F0 /* AppDelegate.h */,
				A9C045A020F4FD9A00F2D3F0 /* AppDelegate.m */,
				A9C045B520F4FE4900F2D3F0 /* TPBaseNavigationViewController.h */,
				A9C045B620F4FE4900F2D3F0 /* TPBaseNavigationViewController.m */,
				A9C045B820F5128900F2D3F0 /* TPRecordSceneViewController.h */,
				A9C045B920F5128900F2D3F0 /* TPRecordSceneViewController.m */,
				A9C045BB20F5145200F2D3F0 /* TPReviewVideoViewController.h */,
				A9C045BC20F5145200F2D3F0 /* TPReviewVideoViewController.m */,
				A9C045A520F4FD9A00F2D3F0 /* Main.storyboard */,
				A9C045A820F4FD9B00F2D3F0 /* Assets.xcassets */,
				A9C045AA20F4FD9B00F2D3F0 /* LaunchScreen.storyboard */,
				A9C045AD20F4FD9B00F2D3F0 /* Info.plist */,
				A9C045AE20F4FD9B00F2D3F0 /* main.m */,
			);
			path = ThreePigsProto;
			sourceTree = "<group>";
		};
/* End PBXGroup section */

/* Begin PBXNativeTarget section */
		A9C0459B20F4FD9900F2D3F0 /* ThreePigsProto */ = {
			isa = PBXNativeTarget;
			buildConfigurationList = A9C045B220F4FD9B00F2D3F0 /* Build configuration list for PBXNativeTarget "ThreePigsProto" */;
			buildPhases = (
				3900C1F80520BE5C525CB8DC /* [CP] Check Pods Manifest.lock */,
				A9C0459820F4FD9900F2D3F0 /* Sources */,
				A9C0459920F4FD9900F2D3F0 /* Frameworks */,
				A9C0459A20F4FD9900F2D3F0 /* Resources */,
			);
			buildRules = (
			);
			dependencies = (
			);
			name = ThreePigsProto;
			productName = ThreePigsProto;
			productReference = A9C0459C20F4FD9A00F2D3F0 /* ThreePigsProto.app */;
			productType = "com.apple.product-type.application";
		};
/* End PBXNativeTarget section */

/* Begin PBXProject section */
		A9C0459420F4FD9900F2D3F0 /* Project object */ = {
			isa = PBXProject;
			attributes = {
				LastUpgradeCheck = 0940;
				ORGANIZATIONNAME = gabejacobs;
				TargetAttributes = {
					A9C0459B20F4FD9900F2D3F0 = {
						CreatedOnToolsVersion = 9.4.1;
					};
				};
			};
			buildConfigurationList = A9C0459720F4FD9900F2D3F0 /* Build configuration list for PBXProject "ThreePigsProto" */;
			compatibilityVersion = "Xcode 9.3";
			developmentRegion = en;
			hasScannedForEncodings = 0;
			knownRegions = (
				en,
				Base,
			);
			mainGroup = A9C0459320F4FD9900F2D3F0;
			productRefGroup = A9C0459D20F4FD9A00F2D3F0 /* Products */;
			projectDirPath = "";
			projectRoot = "";
			targets = (
				A9C0459B20F4FD9900F2D3F0 /* ThreePigsProto */,
			);
		};
/* End PBXProject section */

/* Begin PBXResourcesBuildPhase section */
		A9C0459A20F4FD9900F2D3F0 /* Resources */ = {
			isa = PBXResourcesBuildPhase;
			buildActionMask = 2147483647;
			files = (
				A9C045AC20F4FD9B00F2D3F0 /* LaunchScreen.storyboard in Resources */,
				A9C045A920F4FD9B00F2D3F0 /* Assets.xcassets in Resources */,
				A9C045A720F4FD9A00F2D3F0 /* Main.storyboard in Resources */,
			);
			runOnlyForDeploymentPostprocessing = 0;
		};
/* End PBXResourcesBuildPhase section */

/* Begin PBXShellScriptBuildPhase section */
		3900C1F80520BE5C525CB8DC /* [CP] Check Pods Manifest.lock */ = {
			isa = PBXShellScriptBuildPhase;
			buildActionMask = 2147483647;
			files = (
			);
			inputPaths = (
				"${PODS_PODFILE_DIR_PATH}/Podfile.lock",
				"${PODS_ROOT}/Manifest.lock",
			);
			name = "[CP] Check Pods Manifest.lock";
			outputPaths = (
				"$(DERIVED_FILE_DIR)/Pods-ThreePigsProto-checkManifestLockResult.txt",
			);
			runOnlyForDeploymentPostprocessing = 0;
			shellPath = /bin/sh;
			shellScript = "diff \"${PODS_PODFILE_DIR_PATH}/Podfile.lock\" \"${PODS_ROOT}/Manifest.lock\" > /dev/null\nif [ $? != 0 ] ; then\n    # print error to STDERR\n    echo \"error: The sandbox is not in sync with the Podfile.lock. Run 'pod install' or update your CocoaPods installation.\" >&2\n    exit 1\nfi\n# This output is used by Xcode 'outputs' to avoid re-running this script phase.\necho \"SUCCESS\" > \"${SCRIPT_OUTPUT_FILE_0}\"\n";
			showEnvVarsInLog = 0;
		};
/* End PBXShellScriptBuildPhase section */

/* Begin PBXSourcesBuildPhase section */
		A9C0459820F4FD9900F2D3F0 /* Sources */ = {
			isa = PBXSourcesBuildPhase;
			buildActionMask = 2147483647;
			files = (
				A9C045BA20F5128900F2D3F0 /* TPRecordSceneViewController.m in Sources */,
				A9C045BD20F5145200F2D3F0 /* TPReviewVideoViewController.m in Sources */,
				A9C045AF20F4FD9B00F2D3F0 /* main.m in Sources */,
				A9C045B720F4FE4900F2D3F0 /* TPBaseNavigationViewController.m in Sources */,
				A9C045A120F4FD9A00F2D3F0 /* AppDelegate.m in Sources */,
			);
			runOnlyForDeploymentPostprocessing = 0;
		};
/* End PBXSourcesBuildPhase section */

/* Begin PBXVariantGroup section */
		A9C045A520F4FD9A00F2D3F0 /* Main.storyboard */ = {
			isa = PBXVariantGroup;
			children = (
				A9C045A620F4FD9A00F2D3F0 /* Base */,
			);
			name = Main.storyboard;
			sourceTree = "<group>";
		};
		A9C045AA20F4FD9B00F2D3F0 /* LaunchScreen.storyboard */ = {
			isa = PBXVariantGroup;
			children = (
				A9C045AB20F4FD9B00F2D3F0 /* Base */,
			);
			name = LaunchScreen.storyboard;
			sourceTree = "<group>";
		};
/* End PBXVariantGroup section */

/* Begin XCBuildConfiguration section */
		A9C045B020F4FD9B00F2D3F0 /* Debug */ = {
			isa = XCBuildConfiguration;
			buildSettings = {
				ALWAYS_SEARCH_USER_PATHS = NO;
				CLANG_ANALYZER_NONNULL = YES;
				CLANG_ANALYZER_NUMBER_OBJECT_CONVERSION = YES_AGGRESSIVE;
				CLANG_CXX_LANGUAGE_STANDARD = "gnu++14";
				CLANG_CXX_LIBRARY = "libc++";
				CLANG_ENABLE_MODULES = YES;
				CLANG_ENABLE_OBJC_ARC = YES;
				CLANG_ENABLE_OBJC_WEAK = YES;
				CLANG_WARN_BLOCK_CAPTURE_AUTORELEASING = YES;
				CLANG_WARN_BOOL_CONVERSION = YES;
				CLANG_WARN_COMMA = YES;
				CLANG_WARN_CONSTANT_CONVERSION = YES;
				CLANG_WARN_DEPRECATED_OBJC_IMPLEMENTATIONS = YES;
				CLANG_WARN_DIRECT_OBJC_ISA_USAGE = YES_ERROR;
				CLANG_WARN_DOCUMENTATION_COMMENTS = YES;
				CLANG_WARN_EMPTY_BODY = YES;
				CLANG_WARN_ENUM_CONVERSION = YES;
				CLANG_WARN_INFINITE_RECURSION = YES;
				CLANG_WARN_INT_CONVERSION = YES;
				CLANG_WARN_NON_LITERAL_NULL_CONVERSION = YES;
				CLANG_WARN_OBJC_IMPLICIT_RETAIN_SELF = YES;
				CLANG_WARN_OBJC_LITERAL_CONVERSION = YES;
				CLANG_WARN_OBJC_ROOT_CLASS = YES_ERROR;
				CLANG_WARN_RANGE_LOOP_ANALYSIS = YES;
				CLANG_WARN_STRICT_PROTOTYPES = YES;
				CLANG_WARN_SUSPICIOUS_MOVE = YES;
				CLANG_WARN_UNGUARDED_AVAILABILITY = YES_AGGRESSIVE;
				CLANG_WARN_UNREACHABLE_CODE = YES;
				CLANG_WARN__DUPLICATE_METHOD_MATCH = YES;
				CODE_SIGN_IDENTITY = "iPhone Developer";
				COPY_PHASE_STRIP = NO;
				DEBUG_INFORMATION_FORMAT = dwarf;
				ENABLE_STRICT_OBJC_MSGSEND = YES;
				ENABLE_TESTABILITY = YES;
				GCC_C_LANGUAGE_STANDARD = gnu11;
				GCC_DYNAMIC_NO_PIC = NO;
				GCC_NO_COMMON_BLOCKS = YES;
				GCC_OPTIMIZATION_LEVEL = 0;
				GCC_PREPROCESSOR_DEFINITIONS = (
					"DEBUG=1",
					"$(inherited)",
				);
				GCC_WARN_64_TO_32_BIT_CONVERSION = YES;
				GCC_WARN_ABOUT_RETURN_TYPE = YES_ERROR;
				GCC_WARN_UNDECLARED_SELECTOR = YES;
				GCC_WARN_UNINITIALIZED_AUTOS = YES_AGGRESSIVE;
				GCC_WARN_UNUSED_FUNCTION = YES;
				GCC_WARN_UNUSED_VARIABLE = YES;
				IPHONEOS_DEPLOYMENT_TARGET = 11.4;
				MTL_ENABLE_DEBUG_INFO = YES;
				ONLY_ACTIVE_ARCH = YES;
				SDKROOT = iphoneos;
			};
			name = Debug;
		};
		A9C045B120F4FD9B00F2D3F0 /* Release */ = {
			isa = XCBuildConfiguration;
			buildSettings = {
				ALWAYS_SEARCH_USER_PATHS = NO;
				CLANG_ANALYZER_NONNULL = YES;
				CLANG_ANALYZER_NUMBER_OBJECT_CONVERSION = YES_AGGRESSIVE;
				CLANG_CXX_LANGUAGE_STANDARD = "gnu++14";
				CLANG_CXX_LIBRARY = "libc++";
				CLANG_ENABLE_MODULES = YES;
				CLANG_ENABLE_OBJC_ARC = YES;
				CLANG_ENABLE_OBJC_WEAK = YES;
				CLANG_WARN_BLOCK_CAPTURE_AUTORELEASING = YES;
				CLANG_WARN_BOOL_CONVERSION = YES;
				CLANG_WARN_COMMA = YES;
				CLANG_WARN_CONSTANT_CONVERSION = YES;
				CLANG_WARN_DEPRECATED_OBJC_IMPLEMENTATIONS = YES;
				CLANG_WARN_DIRECT_OBJC_ISA_USAGE = YES_ERROR;
				CLANG_WARN_DOCUMENTATION_COMMENTS = YES;
				CLANG_WARN_EMPTY_BODY = YES;
				CLANG_WARN_ENUM_CONVERSION = YES;
				CLANG_WARN_INFINITE_RECURSION = YES;
				CLANG_WARN_INT_CONVERSION = YES;
				CLANG_WARN_NON_LITERAL_NULL_CONVERSION = YES;
				CLANG_WARN_OBJC_IMPLICIT_RETAIN_SELF = YES;
				CLANG_WARN_OBJC_LITERAL_CONVERSION = YES;
				CLANG_WARN_OBJC_ROOT_CLASS = YES_ERROR;
				CLANG_WARN_RANGE_LOOP_ANALYSIS = YES;
				CLANG_WARN_STRICT_PROTOTYPES = YES;
				CLANG_WARN_SUSPICIOUS_MOVE = YES;
				CLANG_WARN_UNGUARDED_AVAILABILITY = YES_AGGRESSIVE;
				CLANG_WARN_UNREACHABLE_CODE = YES;
				CLANG_WARN__DUPLICATE_METHOD_MATCH = YES;
				CODE_SIGN_IDENTITY = "iPhone Developer";
				COPY_PHASE_STRIP = NO;
				DEBUG_INFORMATION_FORMAT = "dwarf-with-dsym";
				ENABLE_NS_ASSERTIONS = NO;
				ENABLE_STRICT_OBJC_MSGSEND = YES;
				GCC_C_LANGUAGE_STANDARD = gnu11;
				GCC_NO_COMMON_BLOCKS = YES;
				GCC_WARN_64_TO_32_BIT_CONVERSION = YES;
				GCC_WARN_ABOUT_RETURN_TYPE = YES_ERROR;
				GCC_WARN_UNDECLARED_SELECTOR = YES;
				GCC_WARN_UNINITIALIZED_AUTOS = YES_AGGRESSIVE;
				GCC_WARN_UNUSED_FUNCTION = YES;
				GCC_WARN_UNUSED_VARIABLE = YES;
				IPHONEOS_DEPLOYMENT_TARGET = 11.4;
				MTL_ENABLE_DEBUG_INFO = NO;
				SDKROOT = iphoneos;
				VALIDATE_PRODUCT = YES;
			};
			name = Release;
		};
		A9C045B320F4FD9B00F2D3F0 /* Debug */ = {
			isa = XCBuildConfiguration;
			baseConfigurationReference = 8E41D83B499D729A3DDB0555 /* Pods-ThreePigsProto.debug.xcconfig */;
			buildSettings = {
				ASSETCATALOG_COMPILER_APPICON_NAME = AppIcon;
				CODE_SIGN_STYLE = Automatic;
				DEVELOPMENT_TEAM = 3939LRJ2J8;
				INFOPLIST_FILE = ThreePigsProto/Info.plist;
				LD_RUNPATH_SEARCH_PATHS = (
					"$(inherited)",
					"@executable_path/Frameworks",
				);
				PRODUCT_BUNDLE_IDENTIFIER = com.gabejacobs.ThreePigsProto;
				PRODUCT_NAME = "$(TARGET_NAME)";
				TARGETED_DEVICE_FAMILY = "1,2";
			};
			name = Debug;
		};
		A9C045B420F4FD9B00F2D3F0 /* Release */ = {
			isa = XCBuildConfiguration;
			baseConfigurationReference = 73B058F8924B2C9CEA9CF87C /* Pods-ThreePigsProto.release.xcconfig */;
			buildSettings = {
				ASSETCATALOG_COMPILER_APPICON_NAME = AppIcon;
				CODE_SIGN_STYLE = Automatic;
				DEVELOPMENT_TEAM = 3939LRJ2J8;
				INFOPLIST_FILE = ThreePigsProto/Info.plist;
				LD_RUNPATH_SEARCH_PATHS = (
					"$(inherited)",
					"@executable_path/Frameworks",
				);
				PRODUCT_BUNDLE_IDENTIFIER = com.gabejacobs.ThreePigsProto;
				PRODUCT_NAME = "$(TARGET_NAME)";
				TARGETED_DEVICE_FAMILY = "1,2";
			};
			name = Release;
		};
/* End XCBuildConfiguration section */

/* Begin XCConfigurationList section */
		A9C0459720F4FD9900F2D3F0 /* Build configuration list for PBXProject "ThreePigsProto" */ = {
			isa = XCConfigurationList;
			buildConfigurations = (
				A9C045B020F4FD9B00F2D3F0 /* Debug */,
				A9C045B120F4FD9B00F2D3F0 /* Release */,
			);
			defaultConfigurationIsVisible = 0;
			defaultConfigurationName = Release;
		};
		A9C045B220F4FD9B00F2D3F0 /* Build configuration list for PBXNativeTarget "ThreePigsProto" */ = {
			isa = XCConfigurationList;
			buildConfigurations = (
				A9C045B320F4FD9B00F2D3F0 /* Debug */,
				A9C045B420F4FD9B00F2D3F0 /* Release */,
			);
			defaultConfigurationIsVisible = 0;
			defaultConfigurationName = Release;
		};
/* End XCConfigurationList section */
	};
	rootObject = A9C0459420F4FD9900F2D3F0 /* Project object */;
}
